
Microsoft Visual Studio Solution File, Format Version 12.00
# Visual Studio 15
VisualStudioVersion = 15.0.28307.421
MinimumVisualStudioVersion = 10.0.40219.1
Project("{8BC9CEB8-8B4A-11D0-8D11-00A0C91BC942}") = "Tic-Tac-Toc_Travail", "Tic-Tac-Toc_Travail\Tic-Tac-Toc_Travail.vcxproj", "{D02072C3-D030-4853-8757-FF4708431CB8}"
EndProject
Project("{2150E333-8FDC-42A3-9474-1A3956D46DE8}") = "Solution Items", "Solution Items", "{9B1F86B3-F89E-4740-A137-8D6FDE012AAB}"
	ProjectSection(SolutionItems) = preProject
		.gitignore = .gitignore
		README.md = README.md
	EndProjectSection
EndProject
Project("{8BC9CEB8-8B4A-11D0-8D11-00A0C91BC942}") = "Tic-Tac-Toc", "Tic-Tac-Toc\Tic-Tac-Toc.vcxproj", "{D6E8E58E-CD29-490B-B603-0A1597D6976C}"
EndProject
Project("{8BC9CEB8-8B4A-11D0-8D11-00A0C91BC942}") = "Question", "Question\Question.vcxproj", "{8C39C8B2-2363-4821-8C69-EC265BBD7F33}"
EndProject
Project("{8BC9CEB8-8B4A-11D0-8D11-00A0C91BC942}") = "Strings", "Strings\Strings.vcxproj", "{59C4939E-6C3C-4F72-9CD9-1C848C06C928}"
EndProject
Project("{8BC9CEB8-8B4A-11D0-8D11-00A0C91BC942}") = "Pointeurs", "Pointeurs\Pointeurs.vcxproj", "{E60557C3-9E5E-4184-B465-42CFF1F3C1EB}"
EndProject
Project("{8BC9CEB8-8B4A-11D0-8D11-00A0C91BC942}") = "SFML_Demo", "SFML_Demo\SFML_Demo.vcxproj", "{7AF76793-F5D6-4831-9086-AA0E1C4B78CA}"
EndProject
Project("{8BC9CEB8-8B4A-11D0-8D11-00A0C91BC942}") = "SFML_Ballon", "SFML_Ballon\SFML_Ballon.vcxproj", "{0E33737F-0B72-46F5-A85A-5A43EF6E3F1A}"
EndProject
Project("{8BC9CEB8-8B4A-11D0-8D11-00A0C91BC942}") = "SFML_Tic-Tac-Toc", "SFML_Tic-Tac-Toc\SFML_Tic-Tac-Toc.vcxproj", "{E7F892E7-550D-4556-89C3-0C53CEB41CE2}"
EndProject
Project("{8BC9CEB8-8B4A-11D0-8D11-00A0C91BC942}") = "TableauDynamique", "TableauDynamique\TableauDynamique.vcxproj", "{665E9C24-F812-4FEE-B3DC-0590EC3836E1}"
EndProject
Project("{8BC9CEB8-8B4A-11D0-8D11-00A0C91BC942}") = "TableauDynamique_Partie2", "TableauDynamique_Partie2\TableauDynamique_Partie2.vcxproj", "{9A00B9DC-C262-4BD6-B87A-3AD8460E0ED0}"
EndProject
Project("{8BC9CEB8-8B4A-11D0-8D11-00A0C91BC942}") = "SFML_Canon", "SFML_Canon\SFML_Canon.vcxproj", "{B0FDFBC1-A931-45E6-9188-C0F1A13C0ED5}"
EndProject
Project("{8BC9CEB8-8B4A-11D0-8D11-00A0C91BC942}") = "SFML_Souris", "SFML_Souris\SFML_Souris.vcxproj", "{724383B6-9D3F-4A81-BA34-7AF72F55E2F3}"
EndProject
Project("{8BC9CEB8-8B4A-11D0-8D11-00A0C91BC942}") = "Liste", "Liste\Liste.vcxproj", "{B6854F04-25DF-4F7C-8024-37CEB20700D7}"
EndProject
Project("{8BC9CEB8-8B4A-11D0-8D11-00A0C91BC942}") = "SFML_Echelle", "SFML_Echelle\SFML_Echelle.vcxproj", "{76655FB8-D580-451F-B49F-76C81DBA5EB7}"
EndProject
Project("{8BC9CEB8-8B4A-11D0-8D11-00A0C91BC942}") = "File", "File\File.vcxproj", "{2BDDD666-6D7D-418F-BAC3-5391DED2BE0E}"
EndProject
Project("{8BC9CEB8-8B4A-11D0-8D11-00A0C91BC942}") = "File2", "File2\File2.vcxproj", "{17E63990-5A80-4E93-A1C3-A5DA326FCB56}"
EndProject
Project("{8BC9CEB8-8B4A-11D0-8D11-00A0C91BC942}") = "STL_File", "STL_File\STL_File.vcxproj", "{B854174B-9401-4DD2-97F8-F7FB38B718F1}"
EndProject
Project("{8BC9CEB8-8B4A-11D0-8D11-00A0C91BC942}") = "Sudoku", "Sudoku\Sudoku.vcxproj", "{C9596D0D-EC0C-4ECF-A5F1-28E662903FCB}"
EndProject
Project("{8BC9CEB8-8B4A-11D0-8D11-00A0C91BC942}") = "STL_Liste", "STL_Liste\STL_Liste.vcxproj", "{BCEAC9D7-8CAF-472F-9674-8475EB65E8C6}"
EndProject
Project("{8BC9CEB8-8B4A-11D0-8D11-00A0C91BC942}") = "BallonMusical", "BallonMusical\BallonMusical.vcxproj", "{2A42338B-BD08-43F7-A93A-5364A4120F92}"
EndProject
Global
	GlobalSection(SolutionConfigurationPlatforms) = preSolution
		Debug|x64 = Debug|x64
		Debug|x86 = Debug|x86
		Release|x64 = Release|x64
		Release|x86 = Release|x86
	EndGlobalSection
	GlobalSection(ProjectConfigurationPlatforms) = postSolution
		{D02072C3-D030-4853-8757-FF4708431CB8}.Debug|x64.ActiveCfg = Debug|x64
		{D02072C3-D030-4853-8757-FF4708431CB8}.Debug|x64.Build.0 = Debug|x64
		{D02072C3-D030-4853-8757-FF4708431CB8}.Debug|x86.ActiveCfg = Debug|Win32
		{D02072C3-D030-4853-8757-FF4708431CB8}.Debug|x86.Build.0 = Debug|Win32
		{D02072C3-D030-4853-8757-FF4708431CB8}.Release|x64.ActiveCfg = Release|x64
		{D02072C3-D030-4853-8757-FF4708431CB8}.Release|x64.Build.0 = Release|x64
		{D02072C3-D030-4853-8757-FF4708431CB8}.Release|x86.ActiveCfg = Release|Win32
		{D02072C3-D030-4853-8757-FF4708431CB8}.Release|x86.Build.0 = Release|Win32
		{D6E8E58E-CD29-490B-B603-0A1597D6976C}.Debug|x64.ActiveCfg = Debug|x64
		{D6E8E58E-CD29-490B-B603-0A1597D6976C}.Debug|x64.Build.0 = Debug|x64
		{D6E8E58E-CD29-490B-B603-0A1597D6976C}.Debug|x86.ActiveCfg = Debug|Win32
		{D6E8E58E-CD29-490B-B603-0A1597D6976C}.Debug|x86.Build.0 = Debug|Win32
		{D6E8E58E-CD29-490B-B603-0A1597D6976C}.Release|x64.ActiveCfg = Release|x64
		{D6E8E58E-CD29-490B-B603-0A1597D6976C}.Release|x64.Build.0 = Release|x64
		{D6E8E58E-CD29-490B-B603-0A1597D6976C}.Release|x86.ActiveCfg = Release|Win32
		{D6E8E58E-CD29-490B-B603-0A1597D6976C}.Release|x86.Build.0 = Release|Win32
		{8C39C8B2-2363-4821-8C69-EC265BBD7F33}.Debug|x64.ActiveCfg = Debug|x64
		{8C39C8B2-2363-4821-8C69-EC265BBD7F33}.Debug|x64.Build.0 = Debug|x64
		{8C39C8B2-2363-4821-8C69-EC265BBD7F33}.Debug|x86.ActiveCfg = Debug|Win32
		{8C39C8B2-2363-4821-8C69-EC265BBD7F33}.Debug|x86.Build.0 = Debug|Win32
		{8C39C8B2-2363-4821-8C69-EC265BBD7F33}.Release|x64.ActiveCfg = Release|x64
		{8C39C8B2-2363-4821-8C69-EC265BBD7F33}.Release|x64.Build.0 = Release|x64
		{8C39C8B2-2363-4821-8C69-EC265BBD7F33}.Release|x86.ActiveCfg = Release|Win32
		{8C39C8B2-2363-4821-8C69-EC265BBD7F33}.Release|x86.Build.0 = Release|Win32
		{59C4939E-6C3C-4F72-9CD9-1C848C06C928}.Debug|x64.ActiveCfg = Debug|x64
		{59C4939E-6C3C-4F72-9CD9-1C848C06C928}.Debug|x64.Build.0 = Debug|x64
		{59C4939E-6C3C-4F72-9CD9-1C848C06C928}.Debug|x86.ActiveCfg = Debug|Win32
		{59C4939E-6C3C-4F72-9CD9-1C848C06C928}.Debug|x86.Build.0 = Debug|Win32
		{59C4939E-6C3C-4F72-9CD9-1C848C06C928}.Release|x64.ActiveCfg = Release|x64
		{59C4939E-6C3C-4F72-9CD9-1C848C06C928}.Release|x64.Build.0 = Release|x64
		{59C4939E-6C3C-4F72-9CD9-1C848C06C928}.Release|x86.ActiveCfg = Release|Win32
		{59C4939E-6C3C-4F72-9CD9-1C848C06C928}.Release|x86.Build.0 = Release|Win32
		{E60557C3-9E5E-4184-B465-42CFF1F3C1EB}.Debug|x64.ActiveCfg = Debug|x64
		{E60557C3-9E5E-4184-B465-42CFF1F3C1EB}.Debug|x64.Build.0 = Debug|x64
		{E60557C3-9E5E-4184-B465-42CFF1F3C1EB}.Debug|x86.ActiveCfg = Debug|Win32
		{E60557C3-9E5E-4184-B465-42CFF1F3C1EB}.Debug|x86.Build.0 = Debug|Win32
		{E60557C3-9E5E-4184-B465-42CFF1F3C1EB}.Release|x64.ActiveCfg = Release|x64
		{E60557C3-9E5E-4184-B465-42CFF1F3C1EB}.Release|x64.Build.0 = Release|x64
		{E60557C3-9E5E-4184-B465-42CFF1F3C1EB}.Release|x86.ActiveCfg = Release|Win32
		{E60557C3-9E5E-4184-B465-42CFF1F3C1EB}.Release|x86.Build.0 = Release|Win32
		{7AF76793-F5D6-4831-9086-AA0E1C4B78CA}.Debug|x64.ActiveCfg = Debug|x64
		{7AF76793-F5D6-4831-9086-AA0E1C4B78CA}.Debug|x64.Build.0 = Debug|x64
		{7AF76793-F5D6-4831-9086-AA0E1C4B78CA}.Debug|x86.ActiveCfg = Debug|Win32
		{7AF76793-F5D6-4831-9086-AA0E1C4B78CA}.Debug|x86.Build.0 = Debug|Win32
		{7AF76793-F5D6-4831-9086-AA0E1C4B78CA}.Release|x64.ActiveCfg = Release|x64
		{7AF76793-F5D6-4831-9086-AA0E1C4B78CA}.Release|x64.Build.0 = Release|x64
		{7AF76793-F5D6-4831-9086-AA0E1C4B78CA}.Release|x86.ActiveCfg = Release|Win32
		{7AF76793-F5D6-4831-9086-AA0E1C4B78CA}.Release|x86.Build.0 = Release|Win32
		{0E33737F-0B72-46F5-A85A-5A43EF6E3F1A}.Debug|x64.ActiveCfg = Debug|x64
		{0E33737F-0B72-46F5-A85A-5A43EF6E3F1A}.Debug|x64.Build.0 = Debug|x64
		{0E33737F-0B72-46F5-A85A-5A43EF6E3F1A}.Debug|x86.ActiveCfg = Debug|Win32
		{0E33737F-0B72-46F5-A85A-5A43EF6E3F1A}.Debug|x86.Build.0 = Debug|Win32
		{0E33737F-0B72-46F5-A85A-5A43EF6E3F1A}.Release|x64.ActiveCfg = Release|x64
		{0E33737F-0B72-46F5-A85A-5A43EF6E3F1A}.Release|x64.Build.0 = Release|x64
		{0E33737F-0B72-46F5-A85A-5A43EF6E3F1A}.Release|x86.ActiveCfg = Release|Win32
		{0E33737F-0B72-46F5-A85A-5A43EF6E3F1A}.Release|x86.Build.0 = Release|Win32
		{E7F892E7-550D-4556-89C3-0C53CEB41CE2}.Debug|x64.ActiveCfg = Debug|x64
		{E7F892E7-550D-4556-89C3-0C53CEB41CE2}.Debug|x64.Build.0 = Debug|x64
		{E7F892E7-550D-4556-89C3-0C53CEB41CE2}.Debug|x86.ActiveCfg = Debug|Win32
		{E7F892E7-550D-4556-89C3-0C53CEB41CE2}.Debug|x86.Build.0 = Debug|Win32
		{E7F892E7-550D-4556-89C3-0C53CEB41CE2}.Release|x64.ActiveCfg = Release|x64
		{E7F892E7-550D-4556-89C3-0C53CEB41CE2}.Release|x64.Build.0 = Release|x64
		{E7F892E7-550D-4556-89C3-0C53CEB41CE2}.Release|x86.ActiveCfg = Release|Win32
		{E7F892E7-550D-4556-89C3-0C53CEB41CE2}.Release|x86.Build.0 = Release|Win32
		{665E9C24-F812-4FEE-B3DC-0590EC3836E1}.Debug|x64.ActiveCfg = Debug|x64
		{665E9C24-F812-4FEE-B3DC-0590EC3836E1}.Debug|x64.Build.0 = Debug|x64
		{665E9C24-F812-4FEE-B3DC-0590EC3836E1}.Debug|x86.ActiveCfg = Debug|Win32
		{665E9C24-F812-4FEE-B3DC-0590EC3836E1}.Debug|x86.Build.0 = Debug|Win32
		{665E9C24-F812-4FEE-B3DC-0590EC3836E1}.Release|x64.ActiveCfg = Release|x64
		{665E9C24-F812-4FEE-B3DC-0590EC3836E1}.Release|x64.Build.0 = Release|x64
		{665E9C24-F812-4FEE-B3DC-0590EC3836E1}.Release|x86.ActiveCfg = Release|Win32
		{665E9C24-F812-4FEE-B3DC-0590EC3836E1}.Release|x86.Build.0 = Release|Win32
		{9A00B9DC-C262-4BD6-B87A-3AD8460E0ED0}.Debug|x64.ActiveCfg = Debug|x64
		{9A00B9DC-C262-4BD6-B87A-3AD8460E0ED0}.Debug|x64.Build.0 = Debug|x64
		{9A00B9DC-C262-4BD6-B87A-3AD8460E0ED0}.Debug|x86.ActiveCfg = Debug|Win32
		{9A00B9DC-C262-4BD6-B87A-3AD8460E0ED0}.Debug|x86.Build.0 = Debug|Win32
		{9A00B9DC-C262-4BD6-B87A-3AD8460E0ED0}.Release|x64.ActiveCfg = Release|x64
		{9A00B9DC-C262-4BD6-B87A-3AD8460E0ED0}.Release|x64.Build.0 = Release|x64
		{9A00B9DC-C262-4BD6-B87A-3AD8460E0ED0}.Release|x86.ActiveCfg = Release|Win32
		{9A00B9DC-C262-4BD6-B87A-3AD8460E0ED0}.Release|x86.Build.0 = Release|Win32
		{B0FDFBC1-A931-45E6-9188-C0F1A13C0ED5}.Debug|x64.ActiveCfg = Debug|x64
		{B0FDFBC1-A931-45E6-9188-C0F1A13C0ED5}.Debug|x64.Build.0 = Debug|x64
		{B0FDFBC1-A931-45E6-9188-C0F1A13C0ED5}.Debug|x86.ActiveCfg = Debug|Win32
		{B0FDFBC1-A931-45E6-9188-C0F1A13C0ED5}.Debug|x86.Build.0 = Debug|Win32
		{B0FDFBC1-A931-45E6-9188-C0F1A13C0ED5}.Release|x64.ActiveCfg = Release|x64
		{B0FDFBC1-A931-45E6-9188-C0F1A13C0ED5}.Release|x64.Build.0 = Release|x64
		{B0FDFBC1-A931-45E6-9188-C0F1A13C0ED5}.Release|x86.ActiveCfg = Release|Win32
		{B0FDFBC1-A931-45E6-9188-C0F1A13C0ED5}.Release|x86.Build.0 = Release|Win32
		{724383B6-9D3F-4A81-BA34-7AF72F55E2F3}.Debug|x64.ActiveCfg = Debug|x64
		{724383B6-9D3F-4A81-BA34-7AF72F55E2F3}.Debug|x64.Build.0 = Debug|x64
		{724383B6-9D3F-4A81-BA34-7AF72F55E2F3}.Debug|x86.ActiveCfg = Debug|Win32
		{724383B6-9D3F-4A81-BA34-7AF72F55E2F3}.Debug|x86.Build.0 = Debug|Win32
		{724383B6-9D3F-4A81-BA34-7AF72F55E2F3}.Release|x64.ActiveCfg = Release|x64
		{724383B6-9D3F-4A81-BA34-7AF72F55E2F3}.Release|x64.Build.0 = Release|x64
		{724383B6-9D3F-4A81-BA34-7AF72F55E2F3}.Release|x86.ActiveCfg = Release|Win32
		{724383B6-9D3F-4A81-BA34-7AF72F55E2F3}.Release|x86.Build.0 = Release|Win32
		{B6854F04-25DF-4F7C-8024-37CEB20700D7}.Debug|x64.ActiveCfg = Debug|x64
		{B6854F04-25DF-4F7C-8024-37CEB20700D7}.Debug|x64.Build.0 = Debug|x64
		{B6854F04-25DF-4F7C-8024-37CEB20700D7}.Debug|x86.ActiveCfg = Debug|Win32
		{B6854F04-25DF-4F7C-8024-37CEB20700D7}.Debug|x86.Build.0 = Debug|Win32
		{B6854F04-25DF-4F7C-8024-37CEB20700D7}.Release|x64.ActiveCfg = Release|x64
		{B6854F04-25DF-4F7C-8024-37CEB20700D7}.Release|x64.Build.0 = Release|x64
		{B6854F04-25DF-4F7C-8024-37CEB20700D7}.Release|x86.ActiveCfg = Release|Win32
		{B6854F04-25DF-4F7C-8024-37CEB20700D7}.Release|x86.Build.0 = Release|Win32
		{76655FB8-D580-451F-B49F-76C81DBA5EB7}.Debug|x64.ActiveCfg = Debug|x64
		{76655FB8-D580-451F-B49F-76C81DBA5EB7}.Debug|x64.Build.0 = Debug|x64
		{76655FB8-D580-451F-B49F-76C81DBA5EB7}.Debug|x86.ActiveCfg = Debug|Win32
		{76655FB8-D580-451F-B49F-76C81DBA5EB7}.Debug|x86.Build.0 = Debug|Win32
		{76655FB8-D580-451F-B49F-76C81DBA5EB7}.Release|x64.ActiveCfg = Release|x64
		{76655FB8-D580-451F-B49F-76C81DBA5EB7}.Release|x64.Build.0 = Release|x64
		{76655FB8-D580-451F-B49F-76C81DBA5EB7}.Release|x86.ActiveCfg = Release|Win32
		{76655FB8-D580-451F-B49F-76C81DBA5EB7}.Release|x86.Build.0 = Release|Win32
		{2BDDD666-6D7D-418F-BAC3-5391DED2BE0E}.Debug|x64.ActiveCfg = Debug|x64
		{2BDDD666-6D7D-418F-BAC3-5391DED2BE0E}.Debug|x64.Build.0 = Debug|x64
		{2BDDD666-6D7D-418F-BAC3-5391DED2BE0E}.Debug|x86.ActiveCfg = Debug|Win32
		{2BDDD666-6D7D-418F-BAC3-5391DED2BE0E}.Debug|x86.Build.0 = Debug|Win32
		{2BDDD666-6D7D-418F-BAC3-5391DED2BE0E}.Release|x64.ActiveCfg = Release|x64
		{2BDDD666-6D7D-418F-BAC3-5391DED2BE0E}.Release|x64.Build.0 = Release|x64
		{2BDDD666-6D7D-418F-BAC3-5391DED2BE0E}.Release|x86.ActiveCfg = Release|Win32
		{2BDDD666-6D7D-418F-BAC3-5391DED2BE0E}.Release|x86.Build.0 = Release|Win32
		{17E63990-5A80-4E93-A1C3-A5DA326FCB56}.Debug|x64.ActiveCfg = Debug|x64
		{17E63990-5A80-4E93-A1C3-A5DA326FCB56}.Debug|x64.Build.0 = Debug|x64
		{17E63990-5A80-4E93-A1C3-A5DA326FCB56}.Debug|x86.ActiveCfg = Debug|Win32
		{17E63990-5A80-4E93-A1C3-A5DA326FCB56}.Debug|x86.Build.0 = Debug|Win32
		{17E63990-5A80-4E93-A1C3-A5DA326FCB56}.Release|x64.ActiveCfg = Release|x64
		{17E63990-5A80-4E93-A1C3-A5DA326FCB56}.Release|x64.Build.0 = Release|x64
		{17E63990-5A80-4E93-A1C3-A5DA326FCB56}.Release|x86.ActiveCfg = Release|Win32
		{17E63990-5A80-4E93-A1C3-A5DA326FCB56}.Release|x86.Build.0 = Release|Win32
		{B854174B-9401-4DD2-97F8-F7FB38B718F1}.Debug|x64.ActiveCfg = Debug|x64
		{B854174B-9401-4DD2-97F8-F7FB38B718F1}.Debug|x64.Build.0 = Debug|x64
		{B854174B-9401-4DD2-97F8-F7FB38B718F1}.Debug|x86.ActiveCfg = Debug|Win32
		{B854174B-9401-4DD2-97F8-F7FB38B718F1}.Debug|x86.Build.0 = Debug|Win32
		{B854174B-9401-4DD2-97F8-F7FB38B718F1}.Release|x64.ActiveCfg = Release|x64
		{B854174B-9401-4DD2-97F8-F7FB38B718F1}.Release|x64.Build.0 = Release|x64
		{B854174B-9401-4DD2-97F8-F7FB38B718F1}.Release|x86.ActiveCfg = Release|Win32
		{B854174B-9401-4DD2-97F8-F7FB38B718F1}.Release|x86.Build.0 = Release|Win32
		{C9596D0D-EC0C-4ECF-A5F1-28E662903FCB}.Debug|x64.ActiveCfg = Debug|x64
		{C9596D0D-EC0C-4ECF-A5F1-28E662903FCB}.Debug|x64.Build.0 = Debug|x64
		{C9596D0D-EC0C-4ECF-A5F1-28E662903FCB}.Debug|x86.ActiveCfg = Debug|Win32
		{C9596D0D-EC0C-4ECF-A5F1-28E662903FCB}.Debug|x86.Build.0 = Debug|Win32
		{C9596D0D-EC0C-4ECF-A5F1-28E662903FCB}.Release|x64.ActiveCfg = Release|x64
		{C9596D0D-EC0C-4ECF-A5F1-28E662903FCB}.Release|x64.Build.0 = Release|x64
		{C9596D0D-EC0C-4ECF-A5F1-28E662903FCB}.Release|x86.ActiveCfg = Release|Win32
		{C9596D0D-EC0C-4ECF-A5F1-28E662903FCB}.Release|x86.Build.0 = Release|Win32
		{BCEAC9D7-8CAF-472F-9674-8475EB65E8C6}.Debug|x64.ActiveCfg = Debug|x64
		{BCEAC9D7-8CAF-472F-9674-8475EB65E8C6}.Debug|x64.Build.0 = Debug|x64
		{BCEAC9D7-8CAF-472F-9674-8475EB65E8C6}.Debug|x86.ActiveCfg = Debug|Win32
		{BCEAC9D7-8CAF-472F-9674-8475EB65E8C6}.Debug|x86.Build.0 = Debug|Win32
		{BCEAC9D7-8CAF-472F-9674-8475EB65E8C6}.Release|x64.ActiveCfg = Release|x64
		{BCEAC9D7-8CAF-472F-9674-8475EB65E8C6}.Release|x64.Build.0 = Release|x64
		{BCEAC9D7-8CAF-472F-9674-8475EB65E8C6}.Release|x86.ActiveCfg = Release|Win32
		{BCEAC9D7-8CAF-472F-9674-8475EB65E8C6}.Release|x86.Build.0 = Release|Win32
		{2A42338B-BD08-43F7-A93A-5364A4120F92}.Debug|x64.ActiveCfg = Debug|x64
		{2A42338B-BD08-43F7-A93A-5364A4120F92}.Debug|x64.Build.0 = Debug|x64
		{2A42338B-BD08-43F7-A93A-5364A4120F92}.Debug|x86.ActiveCfg = Debug|Win32
		{2A42338B-BD08-43F7-A93A-5364A4120F92}.Debug|x86.Build.0 = Debug|Win32
		{2A42338B-BD08-43F7-A93A-5364A4120F92}.Release|x64.ActiveCfg = Release|x64
		{2A42338B-BD08-43F7-A93A-5364A4120F92}.Release|x64.Build.0 = Release|x64
		{2A42338B-BD08-43F7-A93A-5364A4120F92}.Release|x86.ActiveCfg = Release|Win32
		{2A42338B-BD08-43F7-A93A-5364A4120F92}.Release|x86.Build.0 = Release|Win32
	EndGlobalSection
	GlobalSection(SolutionProperties) = preSolution
		HideSolutionNode = FALSE
	EndGlobalSection
	GlobalSection(ExtensibilityGlobals) = postSolution
		SolutionGuid = {BDDBB04C-664C-4653-A0DB-C9CB35E02AEC}
	EndGlobalSection
EndGlobal
