
Microsoft Visual Studio Solution File, Format Version 12.00
# Visual Studio 15
VisualStudioVersion = 15.0.28307.421
MinimumVisualStudioVersion = 10.0.40219.1
Project("{8BC9CEB8-8B4A-11D0-8D11-00A0C91BC942}") = "Tic-Tac-Toc_Travail", "Tic-Tac-Toc_Travail\Tic-Tac-Toc_Travail.vcxproj", "{D02072C3-D030-4853-8757-FF4708431CB8}"
EndProject
Project("{2150E333-8FDC-42A3-9474-1A3956D46DE8}") = "Solution Items", "Solution Items", "{9B1F86B3-F89E-4740-A137-8D6FDE012AAB}"
	ProjectSection(SolutionItems) = preProject
		.gitignore = .gitignore
		README.md = README.md
	EndProjectSection
EndProject
Project("{8BC9CEB8-8B4A-11D0-8D11-00A0C91BC942}") = "Tic-Tac-Toc", "Tic-Tac-Toc\Tic-Tac-Toc.vcxproj", "{D6E8E58E-CD29-490B-B603-0A1597D6976C}"
EndProject
Project("{8BC9CEB8-8B4A-11D0-8D11-00A0C91BC942}") = "Question", "Question\Question.vcxproj", "{8C39C8B2-2363-4821-8C69-EC265BBD7F33}"
EndProject
Project("{8BC9CEB8-8B4A-11D0-8D11-00A0C91BC942}") = "Strings", "Strings\Strings.vcxproj", "{59C4939E-6C3C-4F72-9CD9-1C848C06C928}"
EndProject
Project("{8BC9CEB8-8B4A-11D0-8D11-00A0C91BC942}") = "Pointeurs", "Pointeurs\Pointeurs.vcxproj", "{E60557C3-9E5E-4184-B465-42CFF1F3C1EB}"
EndProject
Project("{8BC9CEB8-8B4A-11D0-8D11-00A0C91BC942}") = "SFML_Demo", "SFML_Demo\SFML_Demo.vcxproj", "{7AF76793-F5D6-4831-9086-AA0E1C4B78CA}"
EndProject
Project("{8BC9CEB8-8B4A-11D0-8D11-00A0C91BC942}") = "SFML_Ballon", "SFML_Ballon\SFML_Ballon.vcxproj", "{0E33737F-0B72-46F5-A85A-5A43EF6E3F1A}"
EndProject
Project("{8BC9CEB8-8B4A-11D0-8D11-00A0C91BC942}") = "SFML_Tic-Tac-Toc", "SFML_Tic-Tac-Toc\SFML_Tic-Tac-Toc.vcxproj", "{E7F892E7-550D-4556-89C3-0C53CEB41CE2}"
EndProject
Global
	GlobalSection(SolutionConfigurationPlatforms) = preSolution
		Debug|x64 = Debug|x64
		Debug|x86 = Debug|x86
		Release|x64 = Release|x64
		Release|x86 = Release|x86
	EndGlobalSection
	GlobalSection(ProjectConfigurationPlatforms) = postSolution
		{D02072C3-D030-4853-8757-FF4708431CB8}.Debug|x64.ActiveCfg = Debug|x64
		{D02072C3-D030-4853-8757-FF4708431CB8}.Debug|x64.Build.0 = Debug|x64
		{D02072C3-D030-4853-8757-FF4708431CB8}.Debug|x86.ActiveCfg = Debug|Win32
		{D02072C3-D030-4853-8757-FF4708431CB8}.Debug|x86.Build.0 = Debug|Win32
		{D02072C3-D030-4853-8757-FF4708431CB8}.Release|x64.ActiveCfg = Release|x64
		{D02072C3-D030-4853-8757-FF4708431CB8}.Release|x64.Build.0 = Release|x64
		{D02072C3-D030-4853-8757-FF4708431CB8}.Release|x86.ActiveCfg = Release|Win32
		{D02072C3-D030-4853-8757-FF4708431CB8}.Release|x86.Build.0 = Release|Win32
		{D6E8E58E-CD29-490B-B603-0A1597D6976C}.Debug|x64.ActiveCfg = Debug|x64
		{D6E8E58E-CD29-490B-B603-0A1597D6976C}.Debug|x64.Build.0 = Debug|x64
		{D6E8E58E-CD29-490B-B603-0A1597D6976C}.Debug|x86.ActiveCfg = Debug|Win32
		{D6E8E58E-CD29-490B-B603-0A1597D6976C}.Debug|x86.Build.0 = Debug|Win32
		{D6E8E58E-CD29-490B-B603-0A1597D6976C}.Release|x64.ActiveCfg = Release|x64
		{D6E8E58E-CD29-490B-B603-0A1597D6976C}.Release|x64.Build.0 = Release|x64
		{D6E8E58E-CD29-490B-B603-0A1597D6976C}.Release|x86.ActiveCfg = Release|Win32
		{D6E8E58E-CD29-490B-B603-0A1597D6976C}.Release|x86.Build.0 = Release|Win32
		{8C39C8B2-2363-4821-8C69-EC265BBD7F33}.Debug|x64.ActiveCfg = Debug|x64
		{8C39C8B2-2363-4821-8C69-EC265BBD7F33}.Debug|x64.Build.0 = Debug|x64
		{8C39C8B2-2363-4821-8C69-EC265BBD7F33}.Debug|x86.ActiveCfg = Debug|Win32
		{8C39C8B2-2363-4821-8C69-EC265BBD7F33}.Debug|x86.Build.0 = Debug|Win32
		{8C39C8B2-2363-4821-8C69-EC265BBD7F33}.Release|x64.ActiveCfg = Release|x64
		{8C39C8B2-2363-4821-8C69-EC265BBD7F33}.Release|x64.Build.0 = Release|x64
		{8C39C8B2-2363-4821-8C69-EC265BBD7F33}.Release|x86.ActiveCfg = Release|Win32
		{8C39C8B2-2363-4821-8C69-EC265BBD7F33}.Release|x86.Build.0 = Release|Win32
		{59C4939E-6C3C-4F72-9CD9-1C848C06C928}.Debug|x64.ActiveCfg = Debug|x64
		{59C4939E-6C3C-4F72-9CD9-1C848C06C928}.Debug|x64.Build.0 = Debug|x64
		{59C4939E-6C3C-4F72-9CD9-1C848C06C928}.Debug|x86.ActiveCfg = Debug|Win32
		{59C4939E-6C3C-4F72-9CD9-1C848C06C928}.Debug|x86.Build.0 = Debug|Win32
		{59C4939E-6C3C-4F72-9CD9-1C848C06C928}.Release|x64.ActiveCfg = Release|x64
		{59C4939E-6C3C-4F72-9CD9-1C848C06C928}.Release|x64.Build.0 = Release|x64
		{59C4939E-6C3C-4F72-9CD9-1C848C06C928}.Release|x86.ActiveCfg = Release|Win32
		{59C4939E-6C3C-4F72-9CD9-1C848C06C928}.Release|x86.Build.0 = Release|Win32
		{E60557C3-9E5E-4184-B465-42CFF1F3C1EB}.Debug|x64.ActiveCfg = Debug|x64
		{E60557C3-9E5E-4184-B465-42CFF1F3C1EB}.Debug|x64.Build.0 = Debug|x64
		{E60557C3-9E5E-4184-B465-42CFF1F3C1EB}.Debug|x86.ActiveCfg = Debug|Win32
		{E60557C3-9E5E-4184-B465-42CFF1F3C1EB}.Debug|x86.Build.0 = Debug|Win32
		{E60557C3-9E5E-4184-B465-42CFF1F3C1EB}.Release|x64.ActiveCfg = Release|x64
		{E60557C3-9E5E-4184-B465-42CFF1F3C1EB}.Release|x64.Build.0 = Release|x64
		{E60557C3-9E5E-4184-B465-42CFF1F3C1EB}.Release|x86.ActiveCfg = Release|Win32
		{E60557C3-9E5E-4184-B465-42CFF1F3C1EB}.Release|x86.Build.0 = Release|Win32
		{7AF76793-F5D6-4831-9086-AA0E1C4B78CA}.Debug|x64.ActiveCfg = Debug|x64
		{7AF76793-F5D6-4831-9086-AA0E1C4B78CA}.Debug|x64.Build.0 = Debug|x64
		{7AF76793-F5D6-4831-9086-AA0E1C4B78CA}.Debug|x86.ActiveCfg = Debug|Win32
		{7AF76793-F5D6-4831-9086-AA0E1C4B78CA}.Debug|x86.Build.0 = Debug|Win32
		{7AF76793-F5D6-4831-9086-AA0E1C4B78CA}.Release|x64.ActiveCfg = Release|x64
		{7AF76793-F5D6-4831-9086-AA0E1C4B78CA}.Release|x64.Build.0 = Release|x64
		{7AF76793-F5D6-4831-9086-AA0E1C4B78CA}.Release|x86.ActiveCfg = Release|Win32
		{7AF76793-F5D6-4831-9086-AA0E1C4B78CA}.Release|x86.Build.0 = Release|Win32
		{0E33737F-0B72-46F5-A85A-5A43EF6E3F1A}.Debug|x64.ActiveCfg = Debug|x64
		{0E33737F-0B72-46F5-A85A-5A43EF6E3F1A}.Debug|x64.Build.0 = Debug|x64
		{0E33737F-0B72-46F5-A85A-5A43EF6E3F1A}.Debug|x86.ActiveCfg = Debug|Win32
		{0E33737F-0B72-46F5-A85A-5A43EF6E3F1A}.Debug|x86.Build.0 = Debug|Win32
		{0E33737F-0B72-46F5-A85A-5A43EF6E3F1A}.Release|x64.ActiveCfg = Release|x64
		{0E33737F-0B72-46F5-A85A-5A43EF6E3F1A}.Release|x64.Build.0 = Release|x64
		{0E33737F-0B72-46F5-A85A-5A43EF6E3F1A}.Release|x86.ActiveCfg = Release|Win32
		{0E33737F-0B72-46F5-A85A-5A43EF6E3F1A}.Release|x86.Build.0 = Release|Win32
		{E7F892E7-550D-4556-89C3-0C53CEB41CE2}.Debug|x64.ActiveCfg = Debug|x64
		{E7F892E7-550D-4556-89C3-0C53CEB41CE2}.Debug|x64.Build.0 = Debug|x64
		{E7F892E7-550D-4556-89C3-0C53CEB41CE2}.Debug|x86.ActiveCfg = Debug|Win32
		{E7F892E7-550D-4556-89C3-0C53CEB41CE2}.Debug|x86.Build.0 = Debug|Win32
		{E7F892E7-550D-4556-89C3-0C53CEB41CE2}.Release|x64.ActiveCfg = Release|x64
		{E7F892E7-550D-4556-89C3-0C53CEB41CE2}.Release|x64.Build.0 = Release|x64
		{E7F892E7-550D-4556-89C3-0C53CEB41CE2}.Release|x86.ActiveCfg = Release|Win32
		{E7F892E7-550D-4556-89C3-0C53CEB41CE2}.Release|x86.Build.0 = Release|Win32
	EndGlobalSection
	GlobalSection(SolutionProperties) = preSolution
		HideSolutionNode = FALSE
	EndGlobalSection
	GlobalSection(ExtensibilityGlobals) = postSolution
		SolutionGuid = {BDDBB04C-664C-4653-A0DB-C9CB35E02AEC}
	EndGlobalSection
EndGlobal
